// !$*UTF8*$!
{
	archiveVersion = 1;
	classes = {
	};
	objectVersion = 55;
	objects = {

/* Begin PBXBuildFile section */
		56444397276FF57200E89A32 /* HTTPClient.swift in Sources */ = {isa = PBXBuildFile; fileRef = 56444396276FF57200E89A32 /* HTTPClient.swift */; };
		56444399276FF5A500E89A32 /* FeedItemsManager.swift in Sources */ = {isa = PBXBuildFile; fileRef = 56444398276FF5A500E89A32 /* FeedItemsManager.swift */; };
		56701E8F2773892500A9E898 /* URLSessionHTTPClientTests.swift in Sources */ = {isa = PBXBuildFile; fileRef = 56701E8E2773892500A9E898 /* URLSessionHTTPClientTests.swift */; };
		56701E922773CED100A9E898 /* XCTestCase+MemoryLeakTracking.swift in Sources */ = {isa = PBXBuildFile; fileRef = 56701E912773CED100A9E898 /* XCTestCase+MemoryLeakTracking.swift */; };
		56701E94277526D900A9E898 /* URLSessionHTTPClient.swift in Sources */ = {isa = PBXBuildFile; fileRef = 56701E93277526D900A9E898 /* URLSessionHTTPClient.swift */; };
		56701E9C2776451C00A9E898 /* EssentialFeedAPIEndToEndTests.swift in Sources */ = {isa = PBXBuildFile; fileRef = 56701E9B2776451C00A9E898 /* EssentialFeedAPIEndToEndTests.swift */; };
		5670CA4F276E3980009BB29D /* RemoteFeedLoaderTests.swift in Sources */ = {isa = PBXBuildFile; fileRef = 5670CA4E276E3980009BB29D /* RemoteFeedLoaderTests.swift */; };
		5670CA52276E7780009BB29D /* RemoteFeedLoader.swift in Sources */ = {isa = PBXBuildFile; fileRef = 5670CA51276E7780009BB29D /* RemoteFeedLoader.swift */; };
		56DE40A6276D1ED30091474D /* AppDelegate.swift in Sources */ = {isa = PBXBuildFile; fileRef = 56DE40A5276D1ED30091474D /* AppDelegate.swift */; };
		56DE40A8276D1ED30091474D /* ViewController.swift in Sources */ = {isa = PBXBuildFile; fileRef = 56DE40A7276D1ED30091474D /* ViewController.swift */; };
		56DE40AA276D1ED30091474D /* Assets.xcassets in Resources */ = {isa = PBXBuildFile; fileRef = 56DE40A9276D1ED30091474D /* Assets.xcassets */; };
		56DE40AD276D1ED30091474D /* Main.storyboard in Resources */ = {isa = PBXBuildFile; fileRef = 56DE40AB276D1ED30091474D /* Main.storyboard */; };
		56DE40B8276D1ED40091474D /* EssentialFeedTests.swift in Sources */ = {isa = PBXBuildFile; fileRef = 56DE40B7276D1ED40091474D /* EssentialFeedTests.swift */; };
		56DE40C2276D1ED40091474D /* EssentialFeedUITests.swift in Sources */ = {isa = PBXBuildFile; fileRef = 56DE40C1276D1ED40091474D /* EssentialFeedUITests.swift */; };
		56DE40C4276D1ED40091474D /* EssentialFeedUITestsLaunchTests.swift in Sources */ = {isa = PBXBuildFile; fileRef = 56DE40C3276D1ED40091474D /* EssentialFeedUITestsLaunchTests.swift */; };
		56DE40D1276D1EE20091474D /* FeedItem.swift in Sources */ = {isa = PBXBuildFile; fileRef = 56DE40D0276D1EE20091474D /* FeedItem.swift */; };
		56DE40D3276D1F5A0091474D /* FeedLoader.swift in Sources */ = {isa = PBXBuildFile; fileRef = 56DE40D2276D1F5A0091474D /* FeedLoader.swift */; };
/* End PBXBuildFile section */

/* Begin PBXContainerItemProxy section */
		56701E9D2776451C00A9E898 /* PBXContainerItemProxy */ = {
			isa = PBXContainerItemProxy;
			containerPortal = 56DE409A276D1ED30091474D /* Project object */;
			proxyType = 1;
			remoteGlobalIDString = 56DE40A1276D1ED30091474D;
			remoteInfo = EssentialFeed;
		};
		56DE40B4276D1ED40091474D /* PBXContainerItemProxy */ = {
			isa = PBXContainerItemProxy;
			containerPortal = 56DE409A276D1ED30091474D /* Project object */;
			proxyType = 1;
			remoteGlobalIDString = 56DE40A1276D1ED30091474D;
			remoteInfo = EssentialFeed;
		};
		56DE40BE276D1ED40091474D /* PBXContainerItemProxy */ = {
			isa = PBXContainerItemProxy;
			containerPortal = 56DE409A276D1ED30091474D /* Project object */;
			proxyType = 1;
			remoteGlobalIDString = 56DE40A1276D1ED30091474D;
			remoteInfo = EssentialFeed;
		};
/* End PBXContainerItemProxy section */

/* Begin PBXFileReference section */
		56444396276FF57200E89A32 /* HTTPClient.swift */ = {isa = PBXFileReference; lastKnownFileType = sourcecode.swift; path = HTTPClient.swift; sourceTree = "<group>"; };
		56444398276FF5A500E89A32 /* FeedItemsManager.swift */ = {isa = PBXFileReference; lastKnownFileType = sourcecode.swift; path = FeedItemsManager.swift; sourceTree = "<group>"; };
		56701E8E2773892500A9E898 /* URLSessionHTTPClientTests.swift */ = {isa = PBXFileReference; lastKnownFileType = sourcecode.swift; path = URLSessionHTTPClientTests.swift; sourceTree = "<group>"; };
		56701E912773CED100A9E898 /* XCTestCase+MemoryLeakTracking.swift */ = {isa = PBXFileReference; lastKnownFileType = sourcecode.swift; path = "XCTestCase+MemoryLeakTracking.swift"; sourceTree = "<group>"; };
		56701E93277526D900A9E898 /* URLSessionHTTPClient.swift */ = {isa = PBXFileReference; lastKnownFileType = sourcecode.swift; path = URLSessionHTTPClient.swift; sourceTree = "<group>"; };
		56701E992776451C00A9E898 /* EssentialFeedAPIEndToEndTests.xctest */ = {isa = PBXFileReference; explicitFileType = wrapper.cfbundle; includeInIndex = 0; path = EssentialFeedAPIEndToEndTests.xctest; sourceTree = BUILT_PRODUCTS_DIR; };
		56701E9B2776451C00A9E898 /* EssentialFeedAPIEndToEndTests.swift */ = {isa = PBXFileReference; lastKnownFileType = sourcecode.swift; path = EssentialFeedAPIEndToEndTests.swift; sourceTree = "<group>"; };
		5670CA4E276E3980009BB29D /* RemoteFeedLoaderTests.swift */ = {isa = PBXFileReference; lastKnownFileType = sourcecode.swift; path = RemoteFeedLoaderTests.swift; sourceTree = "<group>"; };
		5670CA51276E7780009BB29D /* RemoteFeedLoader.swift */ = {isa = PBXFileReference; lastKnownFileType = sourcecode.swift; path = RemoteFeedLoader.swift; sourceTree = "<group>"; };
		56DE40A2276D1ED30091474D /* EssentialFeed.app */ = {isa = PBXFileReference; explicitFileType = wrapper.application; includeInIndex = 0; path = EssentialFeed.app; sourceTree = BUILT_PRODUCTS_DIR; };
		56DE40A5276D1ED30091474D /* AppDelegate.swift */ = {isa = PBXFileReference; lastKnownFileType = sourcecode.swift; path = AppDelegate.swift; sourceTree = "<group>"; };
		56DE40A7276D1ED30091474D /* ViewController.swift */ = {isa = PBXFileReference; lastKnownFileType = sourcecode.swift; path = ViewController.swift; sourceTree = "<group>"; };
		56DE40A9276D1ED30091474D /* Assets.xcassets */ = {isa = PBXFileReference; lastKnownFileType = folder.assetcatalog; path = Assets.xcassets; sourceTree = "<group>"; };
		56DE40AC276D1ED30091474D /* Base */ = {isa = PBXFileReference; lastKnownFileType = file.storyboard; name = Base; path = Base.lproj/Main.storyboard; sourceTree = "<group>"; };
		56DE40AE276D1ED30091474D /* EssentialFeed.entitlements */ = {isa = PBXFileReference; lastKnownFileType = text.plist.entitlements; path = EssentialFeed.entitlements; sourceTree = "<group>"; };
		56DE40B3276D1ED40091474D /* EssentialFeedTests.xctest */ = {isa = PBXFileReference; explicitFileType = wrapper.cfbundle; includeInIndex = 0; path = EssentialFeedTests.xctest; sourceTree = BUILT_PRODUCTS_DIR; };
		56DE40B7276D1ED40091474D /* EssentialFeedTests.swift */ = {isa = PBXFileReference; lastKnownFileType = sourcecode.swift; path = EssentialFeedTests.swift; sourceTree = "<group>"; };
		56DE40BD276D1ED40091474D /* EssentialFeedUITests.xctest */ = {isa = PBXFileReference; explicitFileType = wrapper.cfbundle; includeInIndex = 0; path = EssentialFeedUITests.xctest; sourceTree = BUILT_PRODUCTS_DIR; };
		56DE40C1276D1ED40091474D /* EssentialFeedUITests.swift */ = {isa = PBXFileReference; lastKnownFileType = sourcecode.swift; path = EssentialFeedUITests.swift; sourceTree = "<group>"; };
		56DE40C3276D1ED40091474D /* EssentialFeedUITestsLaunchTests.swift */ = {isa = PBXFileReference; lastKnownFileType = sourcecode.swift; path = EssentialFeedUITestsLaunchTests.swift; sourceTree = "<group>"; };
		56DE40D0276D1EE20091474D /* FeedItem.swift */ = {isa = PBXFileReference; lastKnownFileType = sourcecode.swift; path = FeedItem.swift; sourceTree = "<group>"; };
		56DE40D2276D1F5A0091474D /* FeedLoader.swift */ = {isa = PBXFileReference; lastKnownFileType = sourcecode.swift; path = FeedLoader.swift; sourceTree = "<group>"; };
/* End PBXFileReference section */

/* Begin PBXFrameworksBuildPhase section */
		56701E962776451C00A9E898 /* Frameworks */ = {
			isa = PBXFrameworksBuildPhase;
			buildActionMask = 2147483647;
			files = (
			);
			runOnlyForDeploymentPostprocessing = 0;
		};
		56DE409F276D1ED30091474D /* Frameworks */ = {
			isa = PBXFrameworksBuildPhase;
			buildActionMask = 2147483647;
			files = (
			);
			runOnlyForDeploymentPostprocessing = 0;
		};
		56DE40B0276D1ED40091474D /* Frameworks */ = {
			isa = PBXFrameworksBuildPhase;
			buildActionMask = 2147483647;
			files = (
			);
			runOnlyForDeploymentPostprocessing = 0;
		};
		56DE40BA276D1ED40091474D /* Frameworks */ = {
			isa = PBXFrameworksBuildPhase;
			buildActionMask = 2147483647;
			files = (
			);
			runOnlyForDeploymentPostprocessing = 0;
		};
/* End PBXFrameworksBuildPhase section */

/* Begin PBXGroup section */
		5644439A276FFFB600E89A32 /* Feed API */ = {
			isa = PBXGroup;
			children = (
				56701E902773CEA300A9E898 /* Helpers */,
				5670CA4E276E3980009BB29D /* RemoteFeedLoaderTests.swift */,
				56701E8E2773892500A9E898 /* URLSessionHTTPClientTests.swift */,
			);
			path = "Feed API";
			sourceTree = "<group>";
		};
		56701E902773CEA300A9E898 /* Helpers */ = {
			isa = PBXGroup;
			children = (
				56701E912773CED100A9E898 /* XCTestCase+MemoryLeakTracking.swift */,
			);
			path = Helpers;
			sourceTree = "<group>";
		};
		56701E9A2776451C00A9E898 /* EssentialFeedAPIEndToEndTests */ = {
			isa = PBXGroup;
			children = (
				56701E9B2776451C00A9E898 /* EssentialFeedAPIEndToEndTests.swift */,
			);
			path = EssentialFeedAPIEndToEndTests;
			sourceTree = "<group>";
		};
		5670CA50276E7773009BB29D /* Feed API */ = {
			isa = PBXGroup;
			children = (
				5670CA51276E7780009BB29D /* RemoteFeedLoader.swift */,
				56444396276FF57200E89A32 /* HTTPClient.swift */,
				56444398276FF5A500E89A32 /* FeedItemsManager.swift */,
				56701E93277526D900A9E898 /* URLSessionHTTPClient.swift */,
			);
			path = "Feed API";
			sourceTree = "<group>";
		};
		56DE4099276D1ED30091474D = {
			isa = PBXGroup;
			children = (
				56DE40A4276D1ED30091474D /* EssentialFeed */,
				56DE40B6276D1ED40091474D /* EssentialFeedTests */,
				56DE40C0276D1ED40091474D /* EssentialFeedUITests */,
				56701E9A2776451C00A9E898 /* EssentialFeedAPIEndToEndTests */,
				56DE40A3276D1ED30091474D /* Products */,
			);
			sourceTree = "<group>";
		};
		56DE40A3276D1ED30091474D /* Products */ = {
			isa = PBXGroup;
			children = (
				56DE40A2276D1ED30091474D /* EssentialFeed.app */,
				56DE40B3276D1ED40091474D /* EssentialFeedTests.xctest */,
				56DE40BD276D1ED40091474D /* EssentialFeedUITests.xctest */,
				56701E992776451C00A9E898 /* EssentialFeedAPIEndToEndTests.xctest */,
			);
			name = Products;
			sourceTree = "<group>";
		};
		56DE40A4276D1ED30091474D /* EssentialFeed */ = {
			isa = PBXGroup;
			children = (
				56DE40A5276D1ED30091474D /* AppDelegate.swift */,
				56DE40D4276D20050091474D /* Feed Feature */,
				5670CA50276E7773009BB29D /* Feed API */,
				56DE40A7276D1ED30091474D /* ViewController.swift */,
				56DE40A9276D1ED30091474D /* Assets.xcassets */,
				56DE40AB276D1ED30091474D /* Main.storyboard */,
				56DE40AE276D1ED30091474D /* EssentialFeed.entitlements */,
			);
			path = EssentialFeed;
			sourceTree = "<group>";
		};
		56DE40B6276D1ED40091474D /* EssentialFeedTests */ = {
			isa = PBXGroup;
			children = (
				56DE40B7276D1ED40091474D /* EssentialFeedTests.swift */,
				5644439A276FFFB600E89A32 /* Feed API */,
			);
			path = EssentialFeedTests;
			sourceTree = "<group>";
		};
		56DE40C0276D1ED40091474D /* EssentialFeedUITests */ = {
			isa = PBXGroup;
			children = (
				56DE40C1276D1ED40091474D /* EssentialFeedUITests.swift */,
				56DE40C3276D1ED40091474D /* EssentialFeedUITestsLaunchTests.swift */,
			);
			path = EssentialFeedUITests;
			sourceTree = "<group>";
		};
		56DE40D4276D20050091474D /* Feed Feature */ = {
			isa = PBXGroup;
			children = (
				56DE40D0276D1EE20091474D /* FeedItem.swift */,
				56DE40D2276D1F5A0091474D /* FeedLoader.swift */,
			);
			path = "Feed Feature";
			sourceTree = "<group>";
		};
/* End PBXGroup section */

/* Begin PBXNativeTarget section */
		56701E982776451C00A9E898 /* EssentialFeedAPIEndToEndTests */ = {
			isa = PBXNativeTarget;
			buildConfigurationList = 56701E9F2776451C00A9E898 /* Build configuration list for PBXNativeTarget "EssentialFeedAPIEndToEndTests" */;
			buildPhases = (
				56701E952776451C00A9E898 /* Sources */,
				56701E962776451C00A9E898 /* Frameworks */,
				56701E972776451C00A9E898 /* Resources */,
			);
			buildRules = (
			);
			dependencies = (
				56701E9E2776451C00A9E898 /* PBXTargetDependency */,
			);
			name = EssentialFeedAPIEndToEndTests;
			productName = EssentialFeedAPIEndToEndTests;
			productReference = 56701E992776451C00A9E898 /* EssentialFeedAPIEndToEndTests.xctest */;
			productType = "com.apple.product-type.bundle.unit-test";
		};
		56DE40A1276D1ED30091474D /* EssentialFeed */ = {
			isa = PBXNativeTarget;
			buildConfigurationList = 56DE40C7276D1ED40091474D /* Build configuration list for PBXNativeTarget "EssentialFeed" */;
			buildPhases = (
				56DE409E276D1ED30091474D /* Sources */,
				56DE409F276D1ED30091474D /* Frameworks */,
				56DE40A0276D1ED30091474D /* Resources */,
			);
			buildRules = (
			);
			dependencies = (
			);
			name = EssentialFeed;
			productName = EssentialFeed;
			productReference = 56DE40A2276D1ED30091474D /* EssentialFeed.app */;
			productType = "com.apple.product-type.application";
		};
		56DE40B2276D1ED40091474D /* EssentialFeedTests */ = {
			isa = PBXNativeTarget;
			buildConfigurationList = 56DE40CA276D1ED40091474D /* Build configuration list for PBXNativeTarget "EssentialFeedTests" */;
			buildPhases = (
				56DE40AF276D1ED40091474D /* Sources */,
				56DE40B0276D1ED40091474D /* Frameworks */,
				56DE40B1276D1ED40091474D /* Resources */,
			);
			buildRules = (
			);
			dependencies = (
				56DE40B5276D1ED40091474D /* PBXTargetDependency */,
			);
			name = EssentialFeedTests;
			productName = EssentialFeedTests;
			productReference = 56DE40B3276D1ED40091474D /* EssentialFeedTests.xctest */;
			productType = "com.apple.product-type.bundle.unit-test";
		};
		56DE40BC276D1ED40091474D /* EssentialFeedUITests */ = {
			isa = PBXNativeTarget;
			buildConfigurationList = 56DE40CD276D1ED40091474D /* Build configuration list for PBXNativeTarget "EssentialFeedUITests" */;
			buildPhases = (
				56DE40B9276D1ED40091474D /* Sources */,
				56DE40BA276D1ED40091474D /* Frameworks */,
				56DE40BB276D1ED40091474D /* Resources */,
			);
			buildRules = (
			);
			dependencies = (
				56DE40BF276D1ED40091474D /* PBXTargetDependency */,
			);
			name = EssentialFeedUITests;
			productName = EssentialFeedUITests;
			productReference = 56DE40BD276D1ED40091474D /* EssentialFeedUITests.xctest */;
			productType = "com.apple.product-type.bundle.ui-testing";
		};
/* End PBXNativeTarget section */

/* Begin PBXProject section */
		56DE409A276D1ED30091474D /* Project object */ = {
			isa = PBXProject;
			attributes = {
				BuildIndependentTargetsInParallel = 1;
				LastSwiftUpdateCheck = 1320;
				LastUpgradeCheck = 1320;
				TargetAttributes = {
					56701E982776451C00A9E898 = {
						CreatedOnToolsVersion = 13.2.1;
						TestTargetID = 56DE40A1276D1ED30091474D;
					};
					56DE40A1276D1ED30091474D = {
						CreatedOnToolsVersion = 13.2;
					};
					56DE40B2276D1ED40091474D = {
						CreatedOnToolsVersion = 13.2;
						TestTargetID = 56DE40A1276D1ED30091474D;
					};
					56DE40BC276D1ED40091474D = {
						CreatedOnToolsVersion = 13.2;
						TestTargetID = 56DE40A1276D1ED30091474D;
					};
				};
			};
			buildConfigurationList = 56DE409D276D1ED30091474D /* Build configuration list for PBXProject "EssentialFeed" */;
			compatibilityVersion = "Xcode 13.0";
			developmentRegion = en;
			hasScannedForEncodings = 0;
			knownRegions = (
				en,
				Base,
			);
			mainGroup = 56DE4099276D1ED30091474D;
			productRefGroup = 56DE40A3276D1ED30091474D /* Products */;
			projectDirPath = "";
			projectRoot = "";
			targets = (
				56DE40A1276D1ED30091474D /* EssentialFeed */,
				56DE40B2276D1ED40091474D /* EssentialFeedTests */,
				56DE40BC276D1ED40091474D /* EssentialFeedUITests */,
				56701E982776451C00A9E898 /* EssentialFeedAPIEndToEndTests */,
			);
		};
/* End PBXProject section */

/* Begin PBXResourcesBuildPhase section */
		56701E972776451C00A9E898 /* Resources */ = {
			isa = PBXResourcesBuildPhase;
			buildActionMask = 2147483647;
			files = (
			);
			runOnlyForDeploymentPostprocessing = 0;
		};
		56DE40A0276D1ED30091474D /* Resources */ = {
			isa = PBXResourcesBuildPhase;
			buildActionMask = 2147483647;
			files = (
				56DE40AA276D1ED30091474D /* Assets.xcassets in Resources */,
				56DE40AD276D1ED30091474D /* Main.storyboard in Resources */,
			);
			runOnlyForDeploymentPostprocessing = 0;
		};
		56DE40B1276D1ED40091474D /* Resources */ = {
			isa = PBXResourcesBuildPhase;
			buildActionMask = 2147483647;
			files = (
			);
			runOnlyForDeploymentPostprocessing = 0;
		};
		56DE40BB276D1ED40091474D /* Resources */ = {
			isa = PBXResourcesBuildPhase;
			buildActionMask = 2147483647;
			files = (
			);
			runOnlyForDeploymentPostprocessing = 0;
		};
/* End PBXResourcesBuildPhase section */

/* Begin PBXSourcesBuildPhase section */
		56701E952776451C00A9E898 /* Sources */ = {
			isa = PBXSourcesBuildPhase;
			buildActionMask = 2147483647;
			files = (
				56701E9C2776451C00A9E898 /* EssentialFeedAPIEndToEndTests.swift in Sources */,
			);
			runOnlyForDeploymentPostprocessing = 0;
		};
		56DE409E276D1ED30091474D /* Sources */ = {
			isa = PBXSourcesBuildPhase;
			buildActionMask = 2147483647;
			files = (
				56DE40A8276D1ED30091474D /* ViewController.swift in Sources */,
				56DE40A6276D1ED30091474D /* AppDelegate.swift in Sources */,
				56444397276FF57200E89A32 /* HTTPClient.swift in Sources */,
				56701E94277526D900A9E898 /* URLSessionHTTPClient.swift in Sources */,
				56DE40D3276D1F5A0091474D /* FeedLoader.swift in Sources */,
				5670CA52276E7780009BB29D /* RemoteFeedLoader.swift in Sources */,
				56444399276FF5A500E89A32 /* FeedItemsManager.swift in Sources */,
				56DE40D1276D1EE20091474D /* FeedItem.swift in Sources */,
			);
			runOnlyForDeploymentPostprocessing = 0;
		};
		56DE40AF276D1ED40091474D /* Sources */ = {
			isa = PBXSourcesBuildPhase;
			buildActionMask = 2147483647;
			files = (
				5670CA4F276E3980009BB29D /* RemoteFeedLoaderTests.swift in Sources */,
				56701E8F2773892500A9E898 /* URLSessionHTTPClientTests.swift in Sources */,
				56701E922773CED100A9E898 /* XCTestCase+MemoryLeakTracking.swift in Sources */,
				56DE40B8276D1ED40091474D /* EssentialFeedTests.swift in Sources */,
			);
			runOnlyForDeploymentPostprocessing = 0;
		};
		56DE40B9276D1ED40091474D /* Sources */ = {
			isa = PBXSourcesBuildPhase;
			buildActionMask = 2147483647;
			files = (
				56DE40C2276D1ED40091474D /* EssentialFeedUITests.swift in Sources */,
				56DE40C4276D1ED40091474D /* EssentialFeedUITestsLaunchTests.swift in Sources */,
			);
			runOnlyForDeploymentPostprocessing = 0;
		};
/* End PBXSourcesBuildPhase section */

/* Begin PBXTargetDependency section */
		56701E9E2776451C00A9E898 /* PBXTargetDependency */ = {
			isa = PBXTargetDependency;
			target = 56DE40A1276D1ED30091474D /* EssentialFeed */;
			targetProxy = 56701E9D2776451C00A9E898 /* PBXContainerItemProxy */;
		};
		56DE40B5276D1ED40091474D /* PBXTargetDependency */ = {
			isa = PBXTargetDependency;
			target = 56DE40A1276D1ED30091474D /* EssentialFeed */;
			targetProxy = 56DE40B4276D1ED40091474D /* PBXContainerItemProxy */;
		};
		56DE40BF276D1ED40091474D /* PBXTargetDependency */ = {
			isa = PBXTargetDependency;
			target = 56DE40A1276D1ED30091474D /* EssentialFeed */;
			targetProxy = 56DE40BE276D1ED40091474D /* PBXContainerItemProxy */;
		};
/* End PBXTargetDependency section */

/* Begin PBXVariantGroup section */
		56DE40AB276D1ED30091474D /* Main.storyboard */ = {
			isa = PBXVariantGroup;
			children = (
				56DE40AC276D1ED30091474D /* Base */,
			);
			name = Main.storyboard;
			sourceTree = "<group>";
		};
/* End PBXVariantGroup section */

/* Begin XCBuildConfiguration section */
		56701EA02776451C00A9E898 /* Debug */ = {
			isa = XCBuildConfiguration;
			buildSettings = {
				BUNDLE_LOADER = "$(TEST_HOST)";
				CODE_SIGN_STYLE = Automatic;
				CURRENT_PROJECT_VERSION = 1;
				DEVELOPMENT_TEAM = SZ48PWPSW4;
				GENERATE_INFOPLIST_FILE = YES;
				MARKETING_VERSION = 1.0;
				PRODUCT_BUNDLE_IDENTIFIER = net.gobauer.EssentialFeedAPIEndToEndTests;
				PRODUCT_NAME = "$(TARGET_NAME)";
				SWIFT_EMIT_LOC_STRINGS = NO;
				SWIFT_VERSION = 5.0;
				TEST_HOST = "$(BUILT_PRODUCTS_DIR)/EssentialFeed.app/Contents/MacOS/EssentialFeed";
			};
			name = Debug;
		};
		56701EA12776451C00A9E898 /* Release */ = {
			isa = XCBuildConfiguration;
			buildSettings = {
				BUNDLE_LOADER = "$(TEST_HOST)";
				CODE_SIGN_STYLE = Automatic;
				CURRENT_PROJECT_VERSION = 1;
				DEVELOPMENT_TEAM = SZ48PWPSW4;
				GENERATE_INFOPLIST_FILE = YES;
				MARKETING_VERSION = 1.0;
				PRODUCT_BUNDLE_IDENTIFIER = net.gobauer.EssentialFeedAPIEndToEndTests;
				PRODUCT_NAME = "$(TARGET_NAME)";
				SWIFT_EMIT_LOC_STRINGS = NO;
				SWIFT_VERSION = 5.0;
				TEST_HOST = "$(BUILT_PRODUCTS_DIR)/EssentialFeed.app/Contents/MacOS/EssentialFeed";
			};
			name = Release;
		};
		56DE40C5276D1ED40091474D /* Debug */ = {
			isa = XCBuildConfiguration;
			buildSettings = {
				ALWAYS_SEARCH_USER_PATHS = NO;
				CLANG_ANALYZER_NONNULL = YES;
				CLANG_ANALYZER_NUMBER_OBJECT_CONVERSION = YES_AGGRESSIVE;
				CLANG_CXX_LANGUAGE_STANDARD = "gnu++17";
				CLANG_CXX_LIBRARY = "libc++";
				CLANG_ENABLE_MODULES = YES;
				CLANG_ENABLE_OBJC_ARC = YES;
				CLANG_ENABLE_OBJC_WEAK = YES;
				CLANG_WARN_BLOCK_CAPTURE_AUTORELEASING = YES;
				CLANG_WARN_BOOL_CONVERSION = YES;
				CLANG_WARN_COMMA = YES;
				CLANG_WARN_CONSTANT_CONVERSION = YES;
				CLANG_WARN_DEPRECATED_OBJC_IMPLEMENTATIONS = YES;
				CLANG_WARN_DIRECT_OBJC_ISA_USAGE = YES_ERROR;
				CLANG_WARN_DOCUMENTATION_COMMENTS = YES;
				CLANG_WARN_EMPTY_BODY = YES;
				CLANG_WARN_ENUM_CONVERSION = YES;
				CLANG_WARN_INFINITE_RECURSION = YES;
				CLANG_WARN_INT_CONVERSION = YES;
				CLANG_WARN_NON_LITERAL_NULL_CONVERSION = YES;
				CLANG_WARN_OBJC_IMPLICIT_RETAIN_SELF = YES;
				CLANG_WARN_OBJC_LITERAL_CONVERSION = YES;
				CLANG_WARN_OBJC_ROOT_CLASS = YES_ERROR;
				CLANG_WARN_QUOTED_INCLUDE_IN_FRAMEWORK_HEADER = YES;
				CLANG_WARN_RANGE_LOOP_ANALYSIS = YES;
				CLANG_WARN_STRICT_PROTOTYPES = YES;
				CLANG_WARN_SUSPICIOUS_MOVE = YES;
				CLANG_WARN_UNGUARDED_AVAILABILITY = YES_AGGRESSIVE;
				CLANG_WARN_UNREACHABLE_CODE = YES;
				CLANG_WARN__DUPLICATE_METHOD_MATCH = YES;
				COPY_PHASE_STRIP = NO;
				DEBUG_INFORMATION_FORMAT = dwarf;
				ENABLE_STRICT_OBJC_MSGSEND = YES;
				ENABLE_TESTABILITY = YES;
				GCC_C_LANGUAGE_STANDARD = gnu11;
				GCC_DYNAMIC_NO_PIC = NO;
				GCC_NO_COMMON_BLOCKS = YES;
				GCC_OPTIMIZATION_LEVEL = 0;
				GCC_PREPROCESSOR_DEFINITIONS = (
					"DEBUG=1",
					"$(inherited)",
				);
				GCC_WARN_64_TO_32_BIT_CONVERSION = YES;
				GCC_WARN_ABOUT_RETURN_TYPE = YES_ERROR;
				GCC_WARN_UNDECLARED_SELECTOR = YES;
				GCC_WARN_UNINITIALIZED_AUTOS = YES_AGGRESSIVE;
				GCC_WARN_UNUSED_FUNCTION = YES;
				GCC_WARN_UNUSED_VARIABLE = YES;
				MACOSX_DEPLOYMENT_TARGET = 12.0;
				MTL_ENABLE_DEBUG_INFO = INCLUDE_SOURCE;
				MTL_FAST_MATH = YES;
				ONLY_ACTIVE_ARCH = YES;
				SDKROOT = macosx;
				SWIFT_ACTIVE_COMPILATION_CONDITIONS = DEBUG;
				SWIFT_OPTIMIZATION_LEVEL = "-Onone";
			};
			name = Debug;
		};
		56DE40C6276D1ED40091474D /* Release */ = {
			isa = XCBuildConfiguration;
			buildSettings = {
				ALWAYS_SEARCH_USER_PATHS = NO;
				CLANG_ANALYZER_NONNULL = YES;
				CLANG_ANALYZER_NUMBER_OBJECT_CONVERSION = YES_AGGRESSIVE;
				CLANG_CXX_LANGUAGE_STANDARD = "gnu++17";
				CLANG_CXX_LIBRARY = "libc++";
				CLANG_ENABLE_MODULES = YES;
				CLANG_ENABLE_OBJC_ARC = YES;
				CLANG_ENABLE_OBJC_WEAK = YES;
				CLANG_WARN_BLOCK_CAPTURE_AUTORELEASING = YES;
				CLANG_WARN_BOOL_CONVERSION = YES;
				CLANG_WARN_COMMA = YES;
				CLANG_WARN_CONSTANT_CONVERSION = YES;
				CLANG_WARN_DEPRECATED_OBJC_IMPLEMENTATIONS = YES;
				CLANG_WARN_DIRECT_OBJC_ISA_USAGE = YES_ERROR;
				CLANG_WARN_DOCUMENTATION_COMMENTS = YES;
				CLANG_WARN_EMPTY_BODY = YES;
				CLANG_WARN_ENUM_CONVERSION = YES;
				CLANG_WARN_INFINITE_RECURSION = YES;
				CLANG_WARN_INT_CONVERSION = YES;
				CLANG_WARN_NON_LITERAL_NULL_CONVERSION = YES;
				CLANG_WARN_OBJC_IMPLICIT_RETAIN_SELF = YES;
				CLANG_WARN_OBJC_LITERAL_CONVERSION = YES;
				CLANG_WARN_OBJC_ROOT_CLASS = YES_ERROR;
				CLANG_WARN_QUOTED_INCLUDE_IN_FRAMEWORK_HEADER = YES;
				CLANG_WARN_RANGE_LOOP_ANALYSIS = YES;
				CLANG_WARN_STRICT_PROTOTYPES = YES;
				CLANG_WARN_SUSPICIOUS_MOVE = YES;
				CLANG_WARN_UNGUARDED_AVAILABILITY = YES_AGGRESSIVE;
				CLANG_WARN_UNREACHABLE_CODE = YES;
				CLANG_WARN__DUPLICATE_METHOD_MATCH = YES;
				COPY_PHASE_STRIP = NO;
				DEBUG_INFORMATION_FORMAT = "dwarf-with-dsym";
				ENABLE_NS_ASSERTIONS = NO;
				ENABLE_STRICT_OBJC_MSGSEND = YES;
				GCC_C_LANGUAGE_STANDARD = gnu11;
				GCC_NO_COMMON_BLOCKS = YES;
				GCC_WARN_64_TO_32_BIT_CONVERSION = YES;
				GCC_WARN_ABOUT_RETURN_TYPE = YES_ERROR;
				GCC_WARN_UNDECLARED_SELECTOR = YES;
				GCC_WARN_UNINITIALIZED_AUTOS = YES_AGGRESSIVE;
				GCC_WARN_UNUSED_FUNCTION = YES;
				GCC_WARN_UNUSED_VARIABLE = YES;
				MACOSX_DEPLOYMENT_TARGET = 12.0;
				MTL_ENABLE_DEBUG_INFO = NO;
				MTL_FAST_MATH = YES;
				SDKROOT = macosx;
				SWIFT_COMPILATION_MODE = wholemodule;
				SWIFT_OPTIMIZATION_LEVEL = "-O";
			};
			name = Release;
		};
		56DE40C8276D1ED40091474D /* Debug */ = {
			isa = XCBuildConfiguration;
			buildSettings = {
				ASSETCATALOG_COMPILER_APPICON_NAME = AppIcon;
				ASSETCATALOG_COMPILER_GLOBAL_ACCENT_COLOR_NAME = AccentColor;
				CODE_SIGN_ENTITLEMENTS = EssentialFeed/EssentialFeed.entitlements;
				CODE_SIGN_STYLE = Automatic;
				COMBINE_HIDPI_IMAGES = YES;
				CURRENT_PROJECT_VERSION = 1;
				DEVELOPMENT_TEAM = SZ48PWPSW4;
				ENABLE_HARDENED_RUNTIME = YES;
				GENERATE_INFOPLIST_FILE = YES;
				INFOPLIST_KEY_NSHumanReadableCopyright = "";
				INFOPLIST_KEY_NSMainStoryboardFile = Main;
				INFOPLIST_KEY_NSPrincipalClass = NSApplication;
				LD_RUNPATH_SEARCH_PATHS = (
					"$(inherited)",
					"@executable_path/../Frameworks",
				);
				MARKETING_VERSION = 1.0;
				PRODUCT_BUNDLE_IDENTIFIER = net.gobauer.EssentialFeed;
				PRODUCT_NAME = "$(TARGET_NAME)";
				SWIFT_EMIT_LOC_STRINGS = YES;
				SWIFT_VERSION = 5.0;
			};
			name = Debug;
		};
		56DE40C9276D1ED40091474D /* Release */ = {
			isa = XCBuildConfiguration;
			buildSettings = {
				ASSETCATALOG_COMPILER_APPICON_NAME = AppIcon;
				ASSETCATALOG_COMPILER_GLOBAL_ACCENT_COLOR_NAME = AccentColor;
				CODE_SIGN_ENTITLEMENTS = EssentialFeed/EssentialFeed.entitlements;
				CODE_SIGN_STYLE = Automatic;
				COMBINE_HIDPI_IMAGES = YES;
				CURRENT_PROJECT_VERSION = 1;
				DEVELOPMENT_TEAM = SZ48PWPSW4;
				ENABLE_HARDENED_RUNTIME = YES;
				GENERATE_INFOPLIST_FILE = YES;
				INFOPLIST_KEY_NSHumanReadableCopyright = "";
				INFOPLIST_KEY_NSMainStoryboardFile = Main;
				INFOPLIST_KEY_NSPrincipalClass = NSApplication;
				LD_RUNPATH_SEARCH_PATHS = (
					"$(inherited)",
					"@executable_path/../Frameworks",
				);
				MARKETING_VERSION = 1.0;
				PRODUCT_BUNDLE_IDENTIFIER = net.gobauer.EssentialFeed;
				PRODUCT_NAME = "$(TARGET_NAME)";
				SWIFT_EMIT_LOC_STRINGS = YES;
				SWIFT_VERSION = 5.0;
			};
			name = Release;
		};
		56DE40CB276D1ED40091474D /* Debug */ = {
			isa = XCBuildConfiguration;
			buildSettings = {
				ALWAYS_EMBED_SWIFT_STANDARD_LIBRARIES = YES;
				BUNDLE_LOADER = "$(TEST_HOST)";
				CODE_SIGN_STYLE = Automatic;
				CURRENT_PROJECT_VERSION = 1;
				DEVELOPMENT_TEAM = SZ48PWPSW4;
				GENERATE_INFOPLIST_FILE = YES;
				MACOSX_DEPLOYMENT_TARGET = 12.0;
				MARKETING_VERSION = 1.0;
				PRODUCT_BUNDLE_IDENTIFIER = net.gobauer.EssentialFeedTests;
				PRODUCT_NAME = "$(TARGET_NAME)";
				SWIFT_EMIT_LOC_STRINGS = NO;
				SWIFT_VERSION = 5.0;
				TEST_HOST = "$(BUILT_PRODUCTS_DIR)/EssentialFeed.app/Contents/MacOS/EssentialFeed";
			};
			name = Debug;
		};
		56DE40CC276D1ED40091474D /* Release */ = {
			isa = XCBuildConfiguration;
			buildSettings = {
				ALWAYS_EMBED_SWIFT_STANDARD_LIBRARIES = YES;
				BUNDLE_LOADER = "$(TEST_HOST)";
				CODE_SIGN_STYLE = Automatic;
				CURRENT_PROJECT_VERSION = 1;
				DEVELOPMENT_TEAM = SZ48PWPSW4;
				GENERATE_INFOPLIST_FILE = YES;
				MACOSX_DEPLOYMENT_TARGET = 12.0;
				MARKETING_VERSION = 1.0;
				PRODUCT_BUNDLE_IDENTIFIER = net.gobauer.EssentialFeedTests;
				PRODUCT_NAME = "$(TARGET_NAME)";
				SWIFT_EMIT_LOC_STRINGS = NO;
				SWIFT_VERSION = 5.0;
				TEST_HOST = "$(BUILT_PRODUCTS_DIR)/EssentialFeed.app/Contents/MacOS/EssentialFeed";
			};
			name = Release;
		};
		56DE40CE276D1ED40091474D /* Debug */ = {
			isa = XCBuildConfiguration;
			buildSettings = {
				ALWAYS_EMBED_SWIFT_STANDARD_LIBRARIES = YES;
				CODE_SIGN_STYLE = Automatic;
				CURRENT_PROJECT_VERSION = 1;
				DEVELOPMENT_TEAM = SZ48PWPSW4;
				GENERATE_INFOPLIST_FILE = YES;
				MARKETING_VERSION = 1.0;
				PRODUCT_BUNDLE_IDENTIFIER = net.gobauer.EssentialFeedUITests;
				PRODUCT_NAME = "$(TARGET_NAME)";
				SWIFT_EMIT_LOC_STRINGS = NO;
				SWIFT_VERSION = 5.0;
				TEST_TARGET_NAME = EssentialFeed;
			};
			name = Debug;
		};
		56DE40CF276D1ED40091474D /* Release */ = {
			isa = XCBuildConfiguration;
			buildSettings = {
				ALWAYS_EMBED_SWIFT_STANDARD_LIBRARIES = YES;
				CODE_SIGN_STYLE = Automatic;
				CURRENT_PROJECT_VERSION = 1;
				DEVELOPMENT_TEAM = SZ48PWPSW4;
				GENERATE_INFOPLIST_FILE = YES;
				MARKETING_VERSION = 1.0;
				PRODUCT_BUNDLE_IDENTIFIER = net.gobauer.EssentialFeedUITests;
				PRODUCT_NAME = "$(TARGET_NAME)";
				SWIFT_EMIT_LOC_STRINGS = NO;
				SWIFT_VERSION = 5.0;
				TEST_TARGET_NAME = EssentialFeed;
			};
			name = Release;
		};
/* End XCBuildConfiguration section */

/* Begin XCConfigurationList section */
		56701E9F2776451C00A9E898 /* Build configuration list for PBXNativeTarget "EssentialFeedAPIEndToEndTests" */ = {
			isa = XCConfigurationList;
			buildConfigurations = (
				56701EA02776451C00A9E898 /* Debug */,
				56701EA12776451C00A9E898 /* Release */,
			);
			defaultConfigurationIsVisible = 0;
			defaultConfigurationName = Release;
		};
		56DE409D276D1ED30091474D /* Build configuration list for PBXProject "EssentialFeed" */ = {
			isa = XCConfigurationList;
			buildConfigurations = (
				56DE40C5276D1ED40091474D /* Debug */,
				56DE40C6276D1ED40091474D /* Release */,
			);
			defaultConfigurationIsVisible = 0;
			defaultConfigurationName = Release;
		};
		56DE40C7276D1ED40091474D /* Build configuration list for PBXNativeTarget "EssentialFeed" */ = {
			isa = XCConfigurationList;
			buildConfigurations = (
				56DE40C8276D1ED40091474D /* Debug */,
				56DE40C9276D1ED40091474D /* Release */,
			);
			defaultConfigurationIsVisible = 0;
			defaultConfigurationName = Release;
		};
		56DE40CA276D1ED40091474D /* Build configuration list for PBXNativeTarget "EssentialFeedTests" */ = {
			isa = XCConfigurationList;
			buildConfigurations = (
				56DE40CB276D1ED40091474D /* Debug */,
				56DE40CC276D1ED40091474D /* Release */,
			);
			defaultConfigurationIsVisible = 0;
			defaultConfigurationName = Release;
		};
		56DE40CD276D1ED40091474D /* Build configuration list for PBXNativeTarget "EssentialFeedUITests" */ = {
			isa = XCConfigurationList;
			buildConfigurations = (
				56DE40CE276D1ED40091474D /* Debug */,
				56DE40CF276D1ED40091474D /* Release */,
			);
			defaultConfigurationIsVisible = 0;
			defaultConfigurationName = Release;
		};
/* End XCConfigurationList section */
	};
	rootObject = 56DE409A276D1ED30091474D /* Project object */;
}
